// !$*UTF8*$!
{
	archiveVersion = 1;
	classes = {
	};
	objectVersion = 56;
	objects = {

/* Begin PBXBuildFile section */
		A71B2C0128F5A00100D3E1A0 /* PlatoNotesApp.swift in Sources */ = {isa = PBXBuildFile; fileRef = A71B2C0028F5A00100D3E1A0 /* PlatoNotesApp.swift */; };
		A71B2C0328F5A00100D3E1A1 /* Note.swift in Sources */ = {isa = PBXBuildFile; fileRef = A71B2C0228F5A00100D3E1A1 /* Note.swift */; };
		A71B2C0528F5A00100D3E1A2 /* ContentView.swift in Sources */ = {isa = PBXBuildFile; fileRef = A71B2C0428F5A00100D3E1A2 /* ContentView.swift */; };
		A71B2C0728F5A00100D3E1A3 /* NoteCardView.swift in Sources */ = {isa = PBXBuildFile; fileRef = A71B2C0628F5A00100D3E1A3 /* NoteCardView.swift */; };
		A71B2C0928F5A00100D3E1A4 /* NoteComposerView.swift in Sources */ = {isa = PBXBuildFile; fileRef = A71B2C0828F5A00100D3E1A4 /* NoteComposerView.swift */; };
		A71B2C0B28F5A00100D3E1A5 /* NoteDetailView.swift in Sources */ = {isa = PBXBuildFile; fileRef = A71B2C0A28F5A00100D3E1A5 /* NoteDetailView.swift */; };
		A71B2C0D28F5A00100D3E1A6 /* PlatoTheme.swift in Sources */ = {isa = PBXBuildFile; fileRef = A71B2C0C28F5A00100D3E1A6 /* PlatoTheme.swift */; };
		A71B2C0F28F5A00200D3E1A7 /* Assets.xcassets in Resources */ = {isa = PBXBuildFile; fileRef = A71B2C0E28F5A00200D3E1A7 /* Assets.xcassets */; };
		A71B2C1128F5A00200D3E1A8 /* Preview Assets.xcassets in Resources */ = {isa = PBXBuildFile; fileRef = A71B2C1028F5A00200D3E1A8 /* Preview Assets.xcassets */; };
/* End PBXBuildFile section */

/* Begin PBXFileReference section */
		A71B2BF528F5A00100D3E1B0 /* PlatoNotes.app */ = {isa = PBXFileReference; explicitFileType = wrapper.application; includeInIndex = 0; path = PlatoNotes.app; sourceTree = BUILT_PRODUCTS_DIR; };
		A71B2C0028F5A00100D3E1A0 /* PlatoNotesApp.swift */ = {isa = PBXFileReference; lastKnownFileType = sourcecode.swift; path = PlatoNotesApp.swift; sourceTree = "<group>"; };
		A71B2C0228F5A00100D3E1A1 /* Note.swift */ = {isa = PBXFileReference; lastKnownFileType = sourcecode.swift; path = Note.swift; sourceTree = "<group>"; };
		A71B2C0428F5A00100D3E1A2 /* ContentView.swift */ = {isa = PBXFileReference; lastKnownFileType = sourcecode.swift; path = ContentView.swift; sourceTree = "<group>"; };
		A71B2C0628F5A00100D3E1A3 /* NoteCardView.swift */ = {isa = PBXFileReference; lastKnownFileType = sourcecode.swift; path = NoteCardView.swift; sourceTree = "<group>"; };
		A71B2C0828F5A00100D3E1A4 /* NoteComposerView.swift */ = {isa = PBXFileReference; lastKnownFileType = sourcecode.swift; path = NoteComposerView.swift; sourceTree = "<group>"; };
		A71B2C0A28F5A00100D3E1A5 /* NoteDetailView.swift */ = {isa = PBXFileReference; lastKnownFileType = sourcecode.swift; path = NoteDetailView.swift; sourceTree = "<group>"; };
		A71B2C0C28F5A00100D3E1A6 /* PlatoTheme.swift */ = {isa = PBXFileReference; lastKnownFileType = sourcecode.swift; path = PlatoTheme.swift; sourceTree = "<group>"; };
		A71B2C0E28F5A00200D3E1A7 /* Assets.xcassets */ = {isa = PBXFileReference; lastKnownFileType = folder.assetcatalog; path = Assets.xcassets; sourceTree = "<group>"; };
		A71B2C1028F5A00200D3E1A8 /* Preview Assets.xcassets */ = {isa = PBXFileReference; lastKnownFileType = folder.assetcatalog; path = "Preview Assets.xcassets"; sourceTree = "<group>"; };
/* End PBXFileReference section */

/* Begin PBXFrameworksBuildPhase section */
		A71B2BF228F5A00100D3E1C0 /* Frameworks */ = {
			isa = PBXFrameworksBuildPhase;
			buildActionMask = 2147483647;
			files = (
			);
			runOnlyForDeploymentPostprocessing = 0;
		};
/* End PBXFrameworksBuildPhase section */

/* Begin PBXGroup section */
		A71B2BEC28F5A00100D3E1D0 = {
			isa = PBXGroup;
			children = (
				A71B2BF728F5A00100D3E1D1 /* PlatoNotes */,
				A71B2BF628F5A00100D3E1D5 /* Products */,
			);
			sourceTree = "<group>";
		};
		A71B2BF628F5A00100D3E1D5 /* Products */ = {
			isa = PBXGroup;
			children = (
				A71B2BF528F5A00100D3E1B0 /* PlatoNotes.app */,
			);
			name = Products;
			sourceTree = "<group>";
		};
		A71B2BF728F5A00100D3E1D1 /* PlatoNotes */ = {
			isa = PBXGroup;
			children = (
				A71B2C0028F5A00100D3E1A0 /* PlatoNotesApp.swift */,
				A71B2BF828F5A00100D3E1D2 /* Models */,
				A71B2BF928F5A00100D3E1D3 /* Views */,
				A71B2BFA28F5A00100D3E1D4 /* Theme */,
				A71B2C0E28F5A00200D3E1A7 /* Assets.xcassets */,
				A71B2BFB28F5A00100D3E1D6 /* Preview Content */,
			);
			path = PlatoNotes;
			sourceTree = "<group>";
		};
		A71B2BF828F5A00100D3E1D2 /* Models */ = {
			isa = PBXGroup;
			children = (
				A71B2C0228F5A00100D3E1A1 /* Note.swift */,
			);
			path = Models;
			sourceTree = "<group>";
		};
		A71B2BF928F5A00100D3E1D3 /* Views */ = {
			isa = PBXGroup;
			children = (
				A71B2C0428F5A00100D3E1A2 /* ContentView.swift */,
				A71B2C0628F5A00100D3E1A3 /* NoteCardView.swift */,
				A71B2C0828F5A00100D3E1A4 /* NoteComposerView.swift */,
				A71B2C0A28F5A00100D3E1A5 /* NoteDetailView.swift */,
			);
			path = Views;
			sourceTree = "<group>";
		};
		A71B2BFA28F5A00100D3E1D4 /* Theme */ = {
			isa = PBXGroup;
			children = (
				A71B2C0C28F5A00100D3E1A6 /* PlatoTheme.swift */,
			);
			path = Theme;
			sourceTree = "<group>";
		};
		A71B2BFB28F5A00100D3E1D6 /* Preview Content */ = {
			isa = PBXGroup;
			children = (
				A71B2C1028F5A00200D3E1A8 /* Preview Assets.xcassets */,
			);
			path = "Preview Content";
			sourceTree = "<group>";
		};
/* End PBXGroup section */

/* Begin PBXNativeTarget section */
		A71B2BF428F5A00100D3E1E0 /* PlatoNotes */ = {
			isa = PBXNativeTarget;
			buildConfigurationList = A71B2C1928F5A00200D3E1F2 /* Build configuration list for PBXNativeTarget "PlatoNotes" */;
			buildPhases = (
				A71B2BF128F5A00100D3E1E1 /* Sources */,
				A71B2BF228F5A00100D3E1C0 /* Frameworks */,
				A71B2BF328F5A00100D3E1E2 /* Resources */,
			);
			buildRules = (
			);
			dependencies = (
			);
			name = PlatoNotes;
			productName = PlatoNotes;
			productReference = A71B2BF528F5A00100D3E1B0 /* PlatoNotes.app */;
			productType = "com.apple.product-type.application";
		};
/* End PBXNativeTarget section */

/* Begin PBXProject section */
		A71B2BED28F5A00100D3E1F0 /* Project object */ = {
			isa = PBXProject;
			attributes = {
				BuildIndependentTargetsInParallel = 1;
				LastSwiftUpdateCheck = 1500;
				LastUpgradeCheck = 1500;
				TargetAttributes = {
					A71B2BF428F5A00100D3E1E0 = {
						CreatedOnToolsVersion = 15.0;
					};
				};
			};
			buildConfigurationList = A71B2BF028F5A00100D3E1F1 /* Build configuration list for PBXProject "PlatoNotes" */;
			compatibilityVersion = "Xcode 14.0";
			developmentRegion = en;
			hasScannedForEncodings = 0;
			knownRegions = (
				en,
				Base,
			);
			mainGroup = A71B2BEC28F5A00100D3E1D0;
			productRefGroup = A71B2BF628F5A00100D3E1D5 /* Products */;
			projectDirPath = "";
			projectRoot = "";
			targets = (
				A71B2BF428F5A00100D3E1E0 /* PlatoNotes */,
			);
		};
/* End PBXProject section */

/* Begin PBXResourcesBuildPhase section */
		A71B2BF328F5A00100D3E1E2 /* Resources */ = {
			isa = PBXResourcesBuildPhase;
			buildActionMask = 2147483647;
			files = (
				A71B2C1128F5A00200D3E1A8 /* Preview Assets.xcassets in Resources */,
				A71B2C0F28F5A00200D3E1A7 /* Assets.xcassets in Resources */,
			);
			runOnlyForDeploymentPostprocessing = 0;
		};
/* End PBXResourcesBuildPhase section */

/* Begin PBXSourcesBuildPhase section */
		A71B2BF128F5A00100D3E1E1 /* Sources */ = {
			isa = PBXSourcesBuildPhase;
			buildActionMask = 2147483647;
			files = (
				A71B2C0128F5A00100D3E1A0 /* PlatoNotesApp.swift in Sources */,
				A71B2C0328F5A00100D3E1A1 /* Note.swift in Sources */,
				A71B2C0528F5A00100D3E1A2 /* ContentView.swift in Sources */,
				A71B2C0728F5A00100D3E1A3 /* NoteCardView.swift in Sources */,
				A71B2C0928F5A00100D3E1A4 /* NoteComposerView.swift in Sources */,
				A71B2C0B28F5A00100D3E1A5 /* NoteDetailView.swift in Sources */,
				A71B2C0D28F5A00100D3E1A6 /* PlatoTheme.swift in Sources */,
			);
			runOnlyForDeploymentPostprocessing = 0;
		};
/* End PBXSourcesBuildPhase section */

/* Begin XCBuildConfiguration section */
		A71B2C1528F5A00200D3E2A0 /* Debug */ = {
			isa = XCBuildConfiguration;
			buildSettings = {
				ALWAYS_SEARCH_USER_PATHS = NO;
				ASSETCATALOG_COMPILER_GENERATE_SWIFT_ASSET_SYMBOL_EXTENSIONS = YES;
				CLANG_ANALYZER_NONNULL = YES;
				CLANG_ANALYZER_NUMBER_OBJECT_CONVERSION = YES_AGGRESSIVE;
				CLANG_CXX_LANGUAGE_STANDARD = "gnu++20";
				CLANG_ENABLE_MODULES = YES;
				CLANG_ENABLE_OBJC_ARC = YES;
				CLANG_ENABLE_OBJC_WEAK = YES;
				CLANG_WARN_BLOCK_CAPTURE_AUTORELEASING = YES;
				CLANG_WARN_BOOL_CONVERSION = YES;
				CLANG_WARN_COMMA = YES;
				CLANG_WARN_CONSTANT_CONVERSION = YES;
				CLANG_WARN_DEPRECATED_OBJC_IMPLEMENTATIONS = YES;
				CLANG_WARN_DIRECT_OBJC_ISA_USAGE = YES_ERROR;
				CLANG_WARN_DOCUMENTATION_COMMENTS = YES;
				CLANG_WARN_EMPTY_BODY = YES;
				CLANG_WARN_ENUM_CONVERSION = YES;
				CLANG_WARN_INFINITE_RECURSION = YES;
				CLANG_WARN_INT_CONVERSION = YES;
				CLANG_WARN_NON_LITERAL_NULL_CONVERSION = YES;
				CLANG_WARN_OBJC_IMPLICIT_RETAIN_SELF = YES;
				CLANG_WARN_OBJC_LITERAL_CONVERSION = YES;
				CLANG_WARN_OBJC_ROOT_CLASS = YES_ERROR;
				CLANG_WARN_QUOTED_INCLUDE_IN_FRAMEWORK_HEADER = YES;
				CLANG_WARN_RANGE_LOOP_ANALYSIS = YES;
				CLANG_WARN_STRICT_PROTOTYPES = YES;
				CLANG_WARN_SUSPICIOUS_MOVE = YES;
				CLANG_WARN_UNGUARDED_AVAILABILITY = YES_AGGRESSIVE;
				CLANG_WARN_UNREACHABLE_CODE = YES;
				CLANG_WARN__DUPLICATE_METHOD_MATCH = YES;
				COPY_PHASE_STRIP = NO;
				DEBUG_INFORMATION_FORMAT = dwarf;
				ENABLE_STRICT_OBJC_MSGSEND = YES;
				ENABLE_TESTABILITY = YES;
				ENABLE_USER_SCRIPT_SANDBOXING = YES;
				GCC_C_LANGUAGE_STANDARD = gnu17;
				GCC_DYNAMIC_NO_PIC = NO;
				GCC_NO_COMMON_BLOCKS = YES;
				GCC_OPTIMIZATION_LEVEL = 0;
				GCC_PREPROCESSOR_DEFINITIONS = (
					"DEBUG=1",
					"$(inherited)",
				);
				GCC_WARN_64_TO_32_BIT_CONVERSION = YES;
				GCC_WARN_ABOUT_RETURN_TYPE = YES_ERROR;
				GCC_WARN_UNDECLARED_SELECTOR = YES;
				GCC_WARN_UNINITIALIZED_AUTOS = YES_AGGRESSIVE;
				GCC_WARN_UNUSED_FUNCTION = YES;
				GCC_WARN_UNUSED_VARIABLE = YES;
				IPHONEOS_DEPLOYMENT_TARGET = 17.0;
				LOCALIZATION_PREFERS_STRING_CATALOGS = YES;
				MTL_ENABLE_DEBUG_INFO = INCLUDE_SOURCE;
				MTL_FAST_MATH = YES;
				ONLY_ACTIVE_ARCH = YES;
				SDKROOT = iphoneos;
				SWIFT_ACTIVE_COMPILATION_CONDITIONS = "DEBUG $(inherited)";
				SWIFT_OPTIMIZATION_LEVEL = "-Onone";
			};
			name = Debug;
		};
		A71B2C1628F5A00200D3E2A1 /* Release */ = {
			isa = XCBuildConfiguration;
			buildSettings = {
				ALWAYS_SEARCH_USER_PATHS = NO;
				ASSETCATALOG_COMPILER_GENERATE_SWIFT_ASSET_SYMBOL_EXTENSIONS = YES;
				CLANG_ANALYZER_NONNULL = YES;
				CLANG_ANALYZER_NUMBER_OBJECT_CONVERSION = YES_AGGRESSIVE;
				CLANG_CXX_LANGUAGE_STANDARD = "gnu++20";
				CLANG_ENABLE_MODULES = YES;
				CLANG_ENABLE_OBJC_ARC = YES;
				CLANG_ENABLE_OBJC_WEAK = YES;
				CLANG_WARN_BLOCK_CAPTURE_AUTORELEASING = YES;
				CLANG_WARN_BOOL_CONVERSION = YES;
				CLANG_WARN_COMMA = YES;
				CLANG_WARN_CONSTANT_CONVERSION = YES;
				CLANG_WARN_DEPRECATED_OBJC_IMPLEMENTATIONS = YES;
				CLANG_WARN_DIRECT_OBJC_ISA_USAGE = YES_ERROR;
				CLANG_WARN_DOCUMENTATION_COMMENTS = YES;
				CLANG_WARN_EMPTY_BODY = YES;
				CLANG_WARN_ENUM_CONVERSION = YES;
				CLANG_WARN_INFINITE_RECURSION = YES;
				CLANG_WARN_INT_CONVERSION = YES;
				CLANG_WARN_NON_LITERAL_NULL_CONVERSION = YES;
				CLANG_WARN_OBJC_IMPLICIT_RETAIN_SELF = YES;
				CLANG_WARN_OBJC_LITERAL_CONVERSION = YES;
				CLANG_WARN_OBJC_ROOT_CLASS = YES_ERROR;
				CLANG_WARN_QUOTED_INCLUDE_IN_FRAMEWORK_HEADER = YES;
				CLANG_WARN_RANGE_LOOP_ANALYSIS = YES;
				CLANG_WARN_STRICT_PROTOTYPES = YES;
				CLANG_WARN_SUSPICIOUS_MOVE = YES;
				CLANG_WARN_UNGUARDED_AVAILABILITY = YES_AGGRESSIVE;
				CLANG_WARN_UNREACHABLE_CODE = YES;
				CLANG_WARN__DUPLICATE_METHOD_MATCH = YES;
				COPY_PHASE_STRIP = NO;
				DEBUG_INFORMATION_FORMAT = "dwarf-with-dsym";
				ENABLE_NS_ASSERTIONS = NO;
				ENABLE_STRICT_OBJC_MSGSEND = YES;
				ENABLE_USER_SCRIPT_SANDBOXING = YES;
				GCC_C_LANGUAGE_STANDARD = gnu17;
				GCC_NO_COMMON_BLOCKS = YES;
				GCC_WARN_64_TO_32_BIT_CONVERSION = YES;
				GCC_WARN_ABOUT_RETURN_TYPE = YES_ERROR;
				GCC_WARN_UNDECLARED_SELECTOR = YES;
				GCC_WARN_UNINITIALIZED_AUTOS = YES_AGGRESSIVE;
				GCC_WARN_UNUSED_FUNCTION = YES;
				GCC_WARN_UNUSED_VARIABLE = YES;
				IPHONEOS_DEPLOYMENT_TARGET = 17.0;
				LOCALIZATION_PREFERS_STRING_CATALOGS = YES;
				MTL_ENABLE_DEBUG_INFO = NO;
				MTL_FAST_MATH = YES;
				SDKROOT = iphoneos;
				SWIFT_COMPILATION_MODE = wholemodule;
				VALIDATE_PRODUCT = YES;
			};
			name = Release;
		};
		A71B2C1728F5A00200D3E2A2 /* Debug */ = {
			isa = XCBuildConfiguration;
			buildSettings = {
				ASSETCATALOG_COMPILER_APPICON_NAME = AppIcon;
				ASSETCATALOG_COMPILER_GLOBAL_ACCENT_COLOR_NAME = AccentColor;
				CODE_SIGN_STYLE = Automatic;
				CURRENT_PROJECT_VERSION = 1;
				DEVELOPMENT_ASSET_PATHS = "\"PlatoNotes/Preview Content\"";
				DEVELOPMENT_TEAM = Z64KRUX3W3;
				ENABLE_PREVIEWS = YES;
				GENERATE_INFOPLIST_FILE = YES;
				INFOPLIST_KEY_UIApplicationSceneManifest_Generation = YES;
				INFOPLIST_KEY_UIApplicationSupportsIndirectInputEvents = YES;
				INFOPLIST_KEY_UILaunchScreen_Generation = YES;
				INFOPLIST_KEY_UISupportedInterfaceOrientations_iPad = "UIInterfaceOrientationPortrait UIInterfaceOrientationPortraitUpsideDown UIInterfaceOrientationLandscapeLeft UIInterfaceOrientationLandscapeRight";
				INFOPLIST_KEY_UISupportedInterfaceOrientations_iPhone = "UIInterfaceOrientationPortrait UIInterfaceOrientationLandscapeLeft UIInterfaceOrientationLandscapeRight";
				LD_RUNPATH_SEARCH_PATHS = (
					"$(inherited)",
					"@executable_path/Frameworks",
				);
				MARKETING_VERSION = 1.0;
				PRODUCT_BUNDLE_IDENTIFIER = com.johnseong.PlatoNotes;
				PRODUCT_NAME = "$(TARGET_NAME)";
				SUPPORTS_XR_DESIGNED_FOR_IPHONE_IPAD = YES;
				SWIFT_EMIT_LOC_STRINGS = YES;
				SWIFT_VERSION = 5.0;
				TARGETED_DEVICE_FAMILY = "1,2";
			};
			name = Debug;
		};
		A71B2C1828F5A00200D3E2A3 /* Release */ = {
			isa = XCBuildConfiguration;
			buildSettings = {
				ASSETCATALOG_COMPILER_APPICON_NAME = AppIcon;
				ASSETCATALOG_COMPILER_GLOBAL_ACCENT_COLOR_NAME = AccentColor;
				CODE_SIGN_STYLE = Automatic;
				CURRENT_PROJECT_VERSION = 1;
				DEVELOPMENT_ASSET_PATHS = "\"PlatoNotes/Preview Content\"";
				DEVELOPMENT_TEAM = Z64KRUX3W3;
				ENABLE_PREVIEWS = YES;
				GENERATE_INFOPLIST_FILE = YES;
				INFOPLIST_KEY_UIApplicationSceneManifest_Generation = YES;
				INFOPLIST_KEY_UIApplicationSupportsIndirectInputEvents = YES;
				INFOPLIST_KEY_UILaunchScreen_Generation = YES;
				INFOPLIST_KEY_UISupportedInterfaceOrientations_iPad = "UIInterfaceOrientationPortrait UIInterfaceOrientationPortraitUpsideDown UIInterfaceOrientationLandscapeLeft UIInterfaceOrientationLandscapeRight";
				INFOPLIST_KEY_UISupportedInterfaceOrientations_iPhone = "UIInterfaceOrientationPortrait UIInterfaceOrientationLandscapeLeft UIInterfaceOrientationLandscapeRight";
				LD_RUNPATH_SEARCH_PATHS = (
					"$(inherited)",
					"@executable_path/Frameworks",
				);
				MARKETING_VERSION = 1.0;
				PRODUCT_BUNDLE_IDENTIFIER = com.johnseong.PlatoNotes;
				PRODUCT_NAME = "$(TARGET_NAME)";
				SUPPORTS_XR_DESIGNED_FOR_IPHONE_IPAD = YES;
				SWIFT_EMIT_LOC_STRINGS = YES;
				SWIFT_VERSION = 5.0;
				TARGETED_DEVICE_FAMILY = "1,2";
			};
			name = Release;
		};
/* End XCBuildConfiguration section */

/* Begin XCConfigurationList section */
		A71B2BF028F5A00100D3E1F1 /* Build configuration list for PBXProject "PlatoNotes" */ = {
			isa = XCConfigurationList;
			buildConfigurations = (
				A71B2C1528F5A00200D3E2A0 /* Debug */,
				A71B2C1628F5A00200D3E2A1 /* Release */,
			);
			defaultConfigurationIsVisible = 0;
			defaultConfigurationName = Release;
		};
		A71B2C1928F5A00200D3E1F2 /* Build configuration list for PBXNativeTarget "PlatoNotes" */ = {
			isa = XCConfigurationList;
			buildConfigurations = (
				A71B2C1728F5A00200D3E2A2 /* Debug */,
				A71B2C1828F5A00200D3E2A3 /* Release */,
			);
			defaultConfigurationIsVisible = 0;
			defaultConfigurationName = Release;
		};
/* End XCConfigurationList section */
	};
	rootObject = A71B2BED28F5A00100D3E1F0 /* Project object */;
}
